// !$*UTF8*$!
{
	archiveVersion = 1;
	classes = {
	};
	objectVersion = 46;
	objects = {

/* Begin PBXBuildFile section */
		1DCF89A552040E6AAF41C60B /* Pods_Ucount_IOSUITests.framework in Frameworks */ = {isa = PBXBuildFile; fileRef = 1D5A417703A5EC0802A1C82D /* Pods_Ucount_IOSUITests.framework */; };
		710361551F510A71003B15E2 /* PopularViewController.swift in Sources */ = {isa = PBXBuildFile; fileRef = 710361541F510A71003B15E2 /* PopularViewController.swift */; };
		710361571F510A80003B15E2 /* PushViewController.swift in Sources */ = {isa = PBXBuildFile; fileRef = 710361561F510A80003B15E2 /* PushViewController.swift */; };
		710361591F510A8E003B15E2 /* KnowledgeViewController.swift in Sources */ = {isa = PBXBuildFile; fileRef = 710361581F510A8E003B15E2 /* KnowledgeViewController.swift */; };
		710890D51F56CED4006181BC /* commentViewController.swift in Sources */ = {isa = PBXBuildFile; fileRef = 710890D41F56CED4006181BC /* commentViewController.swift */; };
		7113090E1F58F99700B9D596 /* Message.swift in Sources */ = {isa = PBXBuildFile; fileRef = 7113090D1F58F99700B9D596 /* Message.swift */; };
		711309101F58FB6200B9D596 /* messageDetailViewController.swift in Sources */ = {isa = PBXBuildFile; fileRef = 7113090F1F58FB6200B9D596 /* messageDetailViewController.swift */; };
		711309121F591EAD00B9D596 /* knowledgeDetailViewController.swift in Sources */ = {isa = PBXBuildFile; fileRef = 711309111F591EAD00B9D596 /* knowledgeDetailViewController.swift */; };
		71223DAA1F5801D100BDDEAA /* messageViewController.swift in Sources */ = {isa = PBXBuildFile; fileRef = 71223DA91F5801D100BDDEAA /* messageViewController.swift */; };
		7152762D1F566B3900086254 /* talkViewController.swift in Sources */ = {isa = PBXBuildFile; fileRef = 7152762C1F566B3900086254 /* talkViewController.swift */; };
		7152C9E61F57F43000D391A4 /* postViewController.swift in Sources */ = {isa = PBXBuildFile; fileRef = 7152C9E51F57F43000D391A4 /* postViewController.swift */; };
		7173FBC71F490F0700EC01F5 /* FinancialViewController.swift in Sources */ = {isa = PBXBuildFile; fileRef = 7173FBC61F490F0700EC01F5 /* FinancialViewController.swift */; };
		71802FD51F4EB691005D39E4 /* Common.swift in Sources */ = {isa = PBXBuildFile; fileRef = 71802FD41F4EB691005D39E4 /* Common.swift */; };
		71802FD71F4EB6E4005D39E4 /* PersonNavigationController.swift in Sources */ = {isa = PBXBuildFile; fileRef = 71802FD61F4EB6E4005D39E4 /* PersonNavigationController.swift */; };
		71802FD91F4EB71A005D39E4 /* PersonViewController.swift in Sources */ = {isa = PBXBuildFile; fileRef = 71802FD81F4EB71A005D39E4 /* PersonViewController.swift */; };
		71802FDB1F4EB743005D39E4 /* ViewController.swift in Sources */ = {isa = PBXBuildFile; fileRef = 71802FDA1F4EB743005D39E4 /* ViewController.swift */; };
		71802FE71F4EC6C4005D39E4 /* Login.storyboard in Resources */ = {isa = PBXBuildFile; fileRef = 71802FE61F4EC6C4005D39E4 /* Login.storyboard */; };
		71802FEE1F4EC789005D39E4 /* Plan.storyboard in Resources */ = {isa = PBXBuildFile; fileRef = 71802FED1F4EC789005D39E4 /* Plan.storyboard */; };
		71802FF01F4EC7B0005D39E4 /* Report.storyboard in Resources */ = {isa = PBXBuildFile; fileRef = 71802FEF1F4EC7B0005D39E4 /* Report.storyboard */; };
		71802FF91F4ED1DB005D39E4 /* Person.storyboard in Resources */ = {isa = PBXBuildFile; fileRef = 71802FF81F4ED1DB005D39E4 /* Person.storyboard */; };
		718B85141F55420400C972BE /* articleViewController.swift in Sources */ = {isa = PBXBuildFile; fileRef = 718B85131F55420400C972BE /* articleViewController.swift */; };
		718B85181F556A2E00C972BE /* post.swift in Sources */ = {isa = PBXBuildFile; fileRef = 718B85171F556A2E00C972BE /* post.swift */; };
		7194A2AC1F571F9500B2D827 /* modifyPassword1ViewController.swift in Sources */ = {isa = PBXBuildFile; fileRef = 7194A2AB1F571F9500B2D827 /* modifyPassword1ViewController.swift */; };
		71F57D331F593FF2006C4A6D /* PDFView.swift in Sources */ = {isa = PBXBuildFile; fileRef = 71F57D321F593FF2006C4A6D /* PDFView.swift */; };
		71F57D351F594020006C4A6D /* PDFScrollView.swift in Sources */ = {isa = PBXBuildFile; fileRef = 71F57D341F594020006C4A6D /* PDFScrollView.swift */; };
		71F57D3C1F59447F006C4A6D /* 1.pdf in Resources */ = {isa = PBXBuildFile; fileRef = 71F57D361F59447F006C4A6D /* 1.pdf */; };
		71F57D3D1F59447F006C4A6D /* 2.pdf in Resources */ = {isa = PBXBuildFile; fileRef = 71F57D371F59447F006C4A6D /* 2.pdf */; };
		71F57D3E1F59447F006C4A6D /* 3.pdf in Resources */ = {isa = PBXBuildFile; fileRef = 71F57D381F59447F006C4A6D /* 3.pdf */; };
		71F57D3F1F59447F006C4A6D /* 4.pdf in Resources */ = {isa = PBXBuildFile; fileRef = 71F57D391F59447F006C4A6D /* 4.pdf */; };
		71F57D401F59447F006C4A6D /* 5.pdf in Resources */ = {isa = PBXBuildFile; fileRef = 71F57D3A1F59447F006C4A6D /* 5.pdf */; };
		71F57D411F59447F006C4A6D /* 6.pdf in Resources */ = {isa = PBXBuildFile; fileRef = 71F57D3B1F59447F006C4A6D /* 6.pdf */; };
		71F7CEF21F579B490012DE98 /* forgetViewController.swift in Sources */ = {isa = PBXBuildFile; fileRef = 71F7CEF11F579B490012DE98 /* forgetViewController.swift */; };
		71F7CEF41F579F8A0012DE98 /* modifyPassword2ViewController.swift in Sources */ = {isa = PBXBuildFile; fileRef = 71F7CEF31F579F8A0012DE98 /* modifyPassword2ViewController.swift */; };
		CC4846F6FBD71902A55080E3 /* Pods_Ucount_IOSTests.framework in Frameworks */ = {isa = PBXBuildFile; fileRef = 4AC6B44C5DC4649065D7CA42 /* Pods_Ucount_IOSTests.framework */; };
		D05C3A66817D2234242D0270 /* Pods_Ucount_IOS.framework in Frameworks */ = {isa = PBXBuildFile; fileRef = D6A65C3800A0089744795A61 /* Pods_Ucount_IOS.framework */; };
		E50535841F504E5A00CD8A2F /* itemizeViewController.swift in Sources */ = {isa = PBXBuildFile; fileRef = E50535831F504E5A00CD8A2F /* itemizeViewController.swift */; };
		E511661F1F57EA0A00885634 /* bankCardViewController.swift in Sources */ = {isa = PBXBuildFile; fileRef = E511661E1F57EA0A00885634 /* bankCardViewController.swift */; };
		E51166211F57EA1900885634 /* schoolCardViewController.swift in Sources */ = {isa = PBXBuildFile; fileRef = E51166201F57EA1900885634 /* schoolCardViewController.swift */; };
		E51166231F57EA2D00885634 /* aliPayViewController.swift in Sources */ = {isa = PBXBuildFile; fileRef = E51166221F57EA2D00885634 /* aliPayViewController.swift */; };
		E51B15A61F56D9E300CB9CDE /* ReportViewController.swift in Sources */ = {isa = PBXBuildFile; fileRef = E51B15A51F56D9E300CB9CDE /* ReportViewController.swift */; };
		E51B15A81F56E12200CB9CDE /* CreateNewController.swift in Sources */ = {isa = PBXBuildFile; fileRef = E51B15A71F56E12200CB9CDE /* CreateNewController.swift */; };
		E51B15AA1F56ED8C00CB9CDE /* FirstReportViewController.swift in Sources */ = {isa = PBXBuildFile; fileRef = E51B15A91F56ED8C00CB9CDE /* FirstReportViewController.swift */; };
		E51B15AC1F56EDA400CB9CDE /* SecondReportViewController.swift in Sources */ = {isa = PBXBuildFile; fileRef = E51B15AB1F56EDA400CB9CDE /* SecondReportViewController.swift */; };
		E51B15AE1F56EDB400CB9CDE /* ThirdReportViewController.swift in Sources */ = {isa = PBXBuildFile; fileRef = E51B15AD1F56EDB400CB9CDE /* ThirdReportViewController.swift */; };
		E51B15B01F56F37C00CB9CDE /* PageViewExtension.swift in Sources */ = {isa = PBXBuildFile; fileRef = E51B15AF1F56F37C00CB9CDE /* PageViewExtension.swift */; };
		E584470E1F468AF9006F976E /* AppDelegate.swift in Sources */ = {isa = PBXBuildFile; fileRef = E584470D1F468AF9006F976E /* AppDelegate.swift */; };
		E58447131F468AF9006F976E /* Main.storyboard in Resources */ = {isa = PBXBuildFile; fileRef = E58447111F468AF9006F976E /* Main.storyboard */; };
		E58447151F468AF9006F976E /* Assets.xcassets in Resources */ = {isa = PBXBuildFile; fileRef = E58447141F468AF9006F976E /* Assets.xcassets */; };
		E58447181F468AF9006F976E /* LaunchScreen.storyboard in Resources */ = {isa = PBXBuildFile; fileRef = E58447161F468AF9006F976E /* LaunchScreen.storyboard */; };
		E58447231F468AF9006F976E /* Ucount_IOSTests.swift in Sources */ = {isa = PBXBuildFile; fileRef = E58447221F468AF9006F976E /* Ucount_IOSTests.swift */; };
		E584472E1F468AF9006F976E /* Ucount_IOSUITests.swift in Sources */ = {isa = PBXBuildFile; fileRef = E584472D1F468AF9006F976E /* Ucount_IOSUITests.swift */; };
		E58447721F481625006F976E /* WealthViewController.swift in Sources */ = {isa = PBXBuildFile; fileRef = E58447711F481625006F976E /* WealthViewController.swift */; };
		E58447751F48724C006F976E /* ForgetViewController.swift in Sources */ = {isa = PBXBuildFile; fileRef = E58447741F48724C006F976E /* ForgetViewController.swift */; };
		E58447771F487272006F976E /* LoginViewController.swift in Sources */ = {isa = PBXBuildFile; fileRef = E58447761F487272006F976E /* LoginViewController.swift */; };
		E58447791F487298006F976E /* RegisterViewController.swift in Sources */ = {isa = PBXBuildFile; fileRef = E58447781F487298006F976E /* RegisterViewController.swift */; };
		E584477D1F49F3DA006F976E /* allAcountableViewController.swift in Sources */ = {isa = PBXBuildFile; fileRef = E584477C1F49F3DA006F976E /* allAcountableViewController.swift */; };
		E59AB5C41F5155B600FDA308 /* CashViewController.swift in Sources */ = {isa = PBXBuildFile; fileRef = E59AB5C31F5155B600FDA308 /* CashViewController.swift */; };
		E5D7A1AC1F58EBE7009FE44E /* IncomeViewController.swift in Sources */ = {isa = PBXBuildFile; fileRef = E5D7A1AB1F58EBE7009FE44E /* IncomeViewController.swift */; };
		E5D7A1AE1F58EBFB009FE44E /* ExpendViewController.swift in Sources */ = {isa = PBXBuildFile; fileRef = E5D7A1AD1F58EBFB009FE44E /* ExpendViewController.swift */; };
		E5D7A1B01F58EF36009FE44E /* CashPageExtension.swift in Sources */ = {isa = PBXBuildFile; fileRef = E5D7A1AF1F58EF36009FE44E /* CashPageExtension.swift */; };
		E5DA70C41F4D106A00D43B73 /* CreateNewExtension.swift in Sources */ = {isa = PBXBuildFile; fileRef = E5DA70C31F4D106A00D43B73 /* CreateNewExtension.swift */; };
		E5DA70C61F4EF60A00D43B73 /* Wealth.storyboard in Resources */ = {isa = PBXBuildFile; fileRef = E5DA70C51F4EF60A00D43B73 /* Wealth.storyboard */; };
		E5DA70C81F4EFB4100D43B73 /* TableViewController.swift in Sources */ = {isa = PBXBuildFile; fileRef = E5DA70C71F4EFB4100D43B73 /* TableViewController.swift */; };
		E5DA70CA1F4EFC1600D43B73 /* Financial.storyboard in Resources */ = {isa = PBXBuildFile; fileRef = E5DA70C91F4EFC1600D43B73 /* Financial.storyboard */; };
/* End PBXBuildFile section */

/* Begin PBXContainerItemProxy section */
		E584471F1F468AF9006F976E /* PBXContainerItemProxy */ = {
			isa = PBXContainerItemProxy;
			containerPortal = E58447021F468AF9006F976E /* Project object */;
			proxyType = 1;
			remoteGlobalIDString = E58447091F468AF9006F976E;
			remoteInfo = Ucount_IOS;
		};
		E584472A1F468AF9006F976E /* PBXContainerItemProxy */ = {
			isa = PBXContainerItemProxy;
			containerPortal = E58447021F468AF9006F976E /* Project object */;
			proxyType = 1;
			remoteGlobalIDString = E58447091F468AF9006F976E;
			remoteInfo = Ucount_IOS;
		};
/* End PBXContainerItemProxy section */

/* Begin PBXFileReference section */
		0454428193C1CD8343DBB468 /* Pods-Ucount_IOSUITests.debug.xcconfig */ = {isa = PBXFileReference; includeInIndex = 1; lastKnownFileType = text.xcconfig; name = "Pods-Ucount_IOSUITests.debug.xcconfig"; path = "Pods/Target Support Files/Pods-Ucount_IOSUITests/Pods-Ucount_IOSUITests.debug.xcconfig"; sourceTree = "<group>"; };
		1D522B81E4A7D1C5E288842C /* Pods-Ucount_IOSUITests.release.xcconfig */ = {isa = PBXFileReference; includeInIndex = 1; lastKnownFileType = text.xcconfig; name = "Pods-Ucount_IOSUITests.release.xcconfig"; path = "Pods/Target Support Files/Pods-Ucount_IOSUITests/Pods-Ucount_IOSUITests.release.xcconfig"; sourceTree = "<group>"; };
		1D5A417703A5EC0802A1C82D /* Pods_Ucount_IOSUITests.framework */ = {isa = PBXFileReference; explicitFileType = wrapper.framework; includeInIndex = 0; path = Pods_Ucount_IOSUITests.framework; sourceTree = BUILT_PRODUCTS_DIR; };
		4AC6B44C5DC4649065D7CA42 /* Pods_Ucount_IOSTests.framework */ = {isa = PBXFileReference; explicitFileType = wrapper.framework; includeInIndex = 0; path = Pods_Ucount_IOSTests.framework; sourceTree = BUILT_PRODUCTS_DIR; };
		54207CAA375462461F7DD38D /* Pods-Ucount_IOSTests.release.xcconfig */ = {isa = PBXFileReference; includeInIndex = 1; lastKnownFileType = text.xcconfig; name = "Pods-Ucount_IOSTests.release.xcconfig"; path = "Pods/Target Support Files/Pods-Ucount_IOSTests/Pods-Ucount_IOSTests.release.xcconfig"; sourceTree = "<group>"; };
		6931DB0EB119133441E94E37 /* Pods-Ucount_IOS.release.xcconfig */ = {isa = PBXFileReference; includeInIndex = 1; lastKnownFileType = text.xcconfig; name = "Pods-Ucount_IOS.release.xcconfig"; path = "Pods/Target Support Files/Pods-Ucount_IOS/Pods-Ucount_IOS.release.xcconfig"; sourceTree = "<group>"; };
		710361541F510A71003B15E2 /* PopularViewController.swift */ = {isa = PBXFileReference; fileEncoding = 4; lastKnownFileType = sourcecode.swift; path = PopularViewController.swift; sourceTree = "<group>"; };
		710361561F510A80003B15E2 /* PushViewController.swift */ = {isa = PBXFileReference; fileEncoding = 4; lastKnownFileType = sourcecode.swift; path = PushViewController.swift; sourceTree = "<group>"; };
		710361581F510A8E003B15E2 /* KnowledgeViewController.swift */ = {isa = PBXFileReference; fileEncoding = 4; lastKnownFileType = sourcecode.swift; path = KnowledgeViewController.swift; sourceTree = "<group>"; };
		710890D41F56CED4006181BC /* commentViewController.swift */ = {isa = PBXFileReference; fileEncoding = 4; lastKnownFileType = sourcecode.swift; path = commentViewController.swift; sourceTree = "<group>"; };
		7113090D1F58F99700B9D596 /* Message.swift */ = {isa = PBXFileReference; fileEncoding = 4; lastKnownFileType = sourcecode.swift; path = Message.swift; sourceTree = "<group>"; };
		7113090F1F58FB6200B9D596 /* messageDetailViewController.swift */ = {isa = PBXFileReference; fileEncoding = 4; lastKnownFileType = sourcecode.swift; path = messageDetailViewController.swift; sourceTree = "<group>"; };
		711309111F591EAD00B9D596 /* knowledgeDetailViewController.swift */ = {isa = PBXFileReference; fileEncoding = 4; lastKnownFileType = sourcecode.swift; path = knowledgeDetailViewController.swift; sourceTree = "<group>"; };
		71223DA91F5801D100BDDEAA /* messageViewController.swift */ = {isa = PBXFileReference; fileEncoding = 4; lastKnownFileType = sourcecode.swift; path = messageViewController.swift; sourceTree = "<group>"; };
		7152762C1F566B3900086254 /* talkViewController.swift */ = {isa = PBXFileReference; fileEncoding = 4; lastKnownFileType = sourcecode.swift; path = talkViewController.swift; sourceTree = "<group>"; };
		7152C9E51F57F43000D391A4 /* postViewController.swift */ = {isa = PBXFileReference; fileEncoding = 4; lastKnownFileType = sourcecode.swift; path = postViewController.swift; sourceTree = "<group>"; };
		7173FBC61F490F0700EC01F5 /* FinancialViewController.swift */ = {isa = PBXFileReference; fileEncoding = 4; lastKnownFileType = sourcecode.swift; path = FinancialViewController.swift; sourceTree = "<group>"; };
		71802FD41F4EB691005D39E4 /* Common.swift */ = {isa = PBXFileReference; fileEncoding = 4; lastKnownFileType = sourcecode.swift; name = Common.swift; path = login/Common.swift; sourceTree = "<group>"; };
		71802FD61F4EB6E4005D39E4 /* PersonNavigationController.swift */ = {isa = PBXFileReference; fileEncoding = 4; lastKnownFileType = sourcecode.swift; name = PersonNavigationController.swift; path = ../login/PersonNavigationController.swift; sourceTree = "<group>"; };
		71802FD81F4EB71A005D39E4 /* PersonViewController.swift */ = {isa = PBXFileReference; fileEncoding = 4; lastKnownFileType = sourcecode.swift; name = PersonViewController.swift; path = ../login/PersonViewController.swift; sourceTree = "<group>"; };
		71802FDA1F4EB743005D39E4 /* ViewController.swift */ = {isa = PBXFileReference; fileEncoding = 4; lastKnownFileType = sourcecode.swift; name = ViewController.swift; path = login/ViewController.swift; sourceTree = "<group>"; };
		71802FE61F4EC6C4005D39E4 /* Login.storyboard */ = {isa = PBXFileReference; fileEncoding = 4; lastKnownFileType = file.storyboard; path = Login.storyboard; sourceTree = "<group>"; };
		71802FED1F4EC789005D39E4 /* Plan.storyboard */ = {isa = PBXFileReference; fileEncoding = 4; lastKnownFileType = file.storyboard; path = Plan.storyboard; sourceTree = "<group>"; };
		71802FEF1F4EC7B0005D39E4 /* Report.storyboard */ = {isa = PBXFileReference; fileEncoding = 4; lastKnownFileType = file.storyboard; path = Report.storyboard; sourceTree = "<group>"; };
		71802FF81F4ED1DB005D39E4 /* Person.storyboard */ = {isa = PBXFileReference; fileEncoding = 4; lastKnownFileType = file.storyboard; name = Person.storyboard; path = ../login/Person.storyboard; sourceTree = "<group>"; };
		718B85131F55420400C972BE /* articleViewController.swift */ = {isa = PBXFileReference; fileEncoding = 4; lastKnownFileType = sourcecode.swift; path = articleViewController.swift; sourceTree = "<group>"; };
		718B85171F556A2E00C972BE /* post.swift */ = {isa = PBXFileReference; fileEncoding = 4; lastKnownFileType = sourcecode.swift; path = post.swift; sourceTree = "<group>"; };
		7194A2AB1F571F9500B2D827 /* modifyPassword1ViewController.swift */ = {isa = PBXFileReference; fileEncoding = 4; lastKnownFileType = sourcecode.swift; path = modifyPassword1ViewController.swift; sourceTree = "<group>"; };
		71F57D321F593FF2006C4A6D /* PDFView.swift */ = {isa = PBXFileReference; fileEncoding = 4; lastKnownFileType = sourcecode.swift; path = PDFView.swift; sourceTree = "<group>"; };
		71F57D341F594020006C4A6D /* PDFScrollView.swift */ = {isa = PBXFileReference; fileEncoding = 4; lastKnownFileType = sourcecode.swift; path = PDFScrollView.swift; sourceTree = "<group>"; };
		71F57D361F59447F006C4A6D /* 1.pdf */ = {isa = PBXFileReference; lastKnownFileType = image.pdf; path = 1.pdf; sourceTree = "<group>"; };
		71F57D371F59447F006C4A6D /* 2.pdf */ = {isa = PBXFileReference; lastKnownFileType = image.pdf; path = 2.pdf; sourceTree = "<group>"; };
		71F57D381F59447F006C4A6D /* 3.pdf */ = {isa = PBXFileReference; lastKnownFileType = image.pdf; path = 3.pdf; sourceTree = "<group>"; };
		71F57D391F59447F006C4A6D /* 4.pdf */ = {isa = PBXFileReference; lastKnownFileType = image.pdf; path = 4.pdf; sourceTree = "<group>"; };
		71F57D3A1F59447F006C4A6D /* 5.pdf */ = {isa = PBXFileReference; lastKnownFileType = image.pdf; path = 5.pdf; sourceTree = "<group>"; };
		71F57D3B1F59447F006C4A6D /* 6.pdf */ = {isa = PBXFileReference; lastKnownFileType = image.pdf; path = 6.pdf; sourceTree = "<group>"; };
		71F7CEF11F579B490012DE98 /* forgetViewController.swift */ = {isa = PBXFileReference; fileEncoding = 4; lastKnownFileType = sourcecode.swift; path = forgetViewController.swift; sourceTree = "<group>"; };
		71F7CEF31F579F8A0012DE98 /* modifyPassword2ViewController.swift */ = {isa = PBXFileReference; fileEncoding = 4; lastKnownFileType = sourcecode.swift; path = modifyPassword2ViewController.swift; sourceTree = "<group>"; };
		C34FE42D6B8405B16123136E /* Pods-Ucount_IOSTests.debug.xcconfig */ = {isa = PBXFileReference; includeInIndex = 1; lastKnownFileType = text.xcconfig; name = "Pods-Ucount_IOSTests.debug.xcconfig"; path = "Pods/Target Support Files/Pods-Ucount_IOSTests/Pods-Ucount_IOSTests.debug.xcconfig"; sourceTree = "<group>"; };
		D3466A1801B2D65B314FCFD4 /* Pods-Ucount_IOS.debug.xcconfig */ = {isa = PBXFileReference; includeInIndex = 1; lastKnownFileType = text.xcconfig; name = "Pods-Ucount_IOS.debug.xcconfig"; path = "Pods/Target Support Files/Pods-Ucount_IOS/Pods-Ucount_IOS.debug.xcconfig"; sourceTree = "<group>"; };
		D6A65C3800A0089744795A61 /* Pods_Ucount_IOS.framework */ = {isa = PBXFileReference; explicitFileType = wrapper.framework; includeInIndex = 0; path = Pods_Ucount_IOS.framework; sourceTree = BUILT_PRODUCTS_DIR; };
		E50535831F504E5A00CD8A2F /* itemizeViewController.swift */ = {isa = PBXFileReference; fileEncoding = 4; lastKnownFileType = sourcecode.swift; path = itemizeViewController.swift; sourceTree = "<group>"; };
		E511661E1F57EA0A00885634 /* bankCardViewController.swift */ = {isa = PBXFileReference; fileEncoding = 4; lastKnownFileType = sourcecode.swift; path = bankCardViewController.swift; sourceTree = "<group>"; };
		E51166201F57EA1900885634 /* schoolCardViewController.swift */ = {isa = PBXFileReference; fileEncoding = 4; lastKnownFileType = sourcecode.swift; path = schoolCardViewController.swift; sourceTree = "<group>"; };
		E51166221F57EA2D00885634 /* aliPayViewController.swift */ = {isa = PBXFileReference; fileEncoding = 4; lastKnownFileType = sourcecode.swift; path = aliPayViewController.swift; sourceTree = "<group>"; };
		E51B15A51F56D9E300CB9CDE /* ReportViewController.swift */ = {isa = PBXFileReference; fileEncoding = 4; lastKnownFileType = sourcecode.swift; path = ReportViewController.swift; sourceTree = "<group>"; };
		E51B15A71F56E12200CB9CDE /* CreateNewController.swift */ = {isa = PBXFileReference; fileEncoding = 4; lastKnownFileType = sourcecode.swift; path = CreateNewController.swift; sourceTree = "<group>"; };
		E51B15A91F56ED8C00CB9CDE /* FirstReportViewController.swift */ = {isa = PBXFileReference; fileEncoding = 4; lastKnownFileType = sourcecode.swift; path = FirstReportViewController.swift; sourceTree = "<group>"; };
		E51B15AB1F56EDA400CB9CDE /* SecondReportViewController.swift */ = {isa = PBXFileReference; fileEncoding = 4; lastKnownFileType = sourcecode.swift; path = SecondReportViewController.swift; sourceTree = "<group>"; };
		E51B15AD1F56EDB400CB9CDE /* ThirdReportViewController.swift */ = {isa = PBXFileReference; fileEncoding = 4; lastKnownFileType = sourcecode.swift; path = ThirdReportViewController.swift; sourceTree = "<group>"; };
		E51B15AF1F56F37C00CB9CDE /* PageViewExtension.swift */ = {isa = PBXFileReference; fileEncoding = 4; lastKnownFileType = sourcecode.swift; path = PageViewExtension.swift; sourceTree = "<group>"; };
		E584470A1F468AF9006F976E /* Ucount_IOS.app */ = {isa = PBXFileReference; explicitFileType = wrapper.application; includeInIndex = 0; path = Ucount_IOS.app; sourceTree = BUILT_PRODUCTS_DIR; };
		E584470D1F468AF9006F976E /* AppDelegate.swift */ = {isa = PBXFileReference; lastKnownFileType = sourcecode.swift; path = AppDelegate.swift; sourceTree = "<group>"; };
		E58447121F468AF9006F976E /* Base */ = {isa = PBXFileReference; lastKnownFileType = file.storyboard; name = Base; path = Base.lproj/Main.storyboard; sourceTree = "<group>"; };
		E58447141F468AF9006F976E /* Assets.xcassets */ = {isa = PBXFileReference; lastKnownFileType = folder.assetcatalog; path = Assets.xcassets; sourceTree = "<group>"; };
		E58447171F468AF9006F976E /* Base */ = {isa = PBXFileReference; lastKnownFileType = file.storyboard; name = Base; path = Base.lproj/LaunchScreen.storyboard; sourceTree = "<group>"; };
		E58447191F468AF9006F976E /* Info.plist */ = {isa = PBXFileReference; lastKnownFileType = text.plist.xml; path = Info.plist; sourceTree = "<group>"; };
		E584471E1F468AF9006F976E /* Ucount_IOSTests.xctest */ = {isa = PBXFileReference; explicitFileType = wrapper.cfbundle; includeInIndex = 0; path = Ucount_IOSTests.xctest; sourceTree = BUILT_PRODUCTS_DIR; };
		E58447221F468AF9006F976E /* Ucount_IOSTests.swift */ = {isa = PBXFileReference; lastKnownFileType = sourcecode.swift; path = Ucount_IOSTests.swift; sourceTree = "<group>"; };
		E58447241F468AF9006F976E /* Info.plist */ = {isa = PBXFileReference; lastKnownFileType = text.plist.xml; path = Info.plist; sourceTree = "<group>"; };
		E58447291F468AF9006F976E /* Ucount_IOSUITests.xctest */ = {isa = PBXFileReference; explicitFileType = wrapper.cfbundle; includeInIndex = 0; path = Ucount_IOSUITests.xctest; sourceTree = BUILT_PRODUCTS_DIR; };
		E584472D1F468AF9006F976E /* Ucount_IOSUITests.swift */ = {isa = PBXFileReference; lastKnownFileType = sourcecode.swift; path = Ucount_IOSUITests.swift; sourceTree = "<group>"; };
		E584472F1F468AF9006F976E /* Info.plist */ = {isa = PBXFileReference; lastKnownFileType = text.plist.xml; path = Info.plist; sourceTree = "<group>"; };
		E58447711F481625006F976E /* WealthViewController.swift */ = {isa = PBXFileReference; fileEncoding = 4; lastKnownFileType = sourcecode.swift; path = WealthViewController.swift; sourceTree = "<group>"; };
		E58447741F48724C006F976E /* ForgetViewController.swift */ = {isa = PBXFileReference; fileEncoding = 4; lastKnownFileType = sourcecode.swift; path = ForgetViewController.swift; sourceTree = "<group>"; };
		E58447761F487272006F976E /* LoginViewController.swift */ = {isa = PBXFileReference; fileEncoding = 4; lastKnownFileType = sourcecode.swift; path = LoginViewController.swift; sourceTree = "<group>"; };
		E58447781F487298006F976E /* RegisterViewController.swift */ = {isa = PBXFileReference; fileEncoding = 4; lastKnownFileType = sourcecode.swift; path = RegisterViewController.swift; sourceTree = "<group>"; };
		E584477C1F49F3DA006F976E /* allAcountableViewController.swift */ = {isa = PBXFileReference; fileEncoding = 4; lastKnownFileType = sourcecode.swift; path = allAcountableViewController.swift; sourceTree = "<group>"; };
		E59AB5C31F5155B600FDA308 /* CashViewController.swift */ = {isa = PBXFileReference; fileEncoding = 4; lastKnownFileType = sourcecode.swift; path = CashViewController.swift; sourceTree = "<group>"; };
		E5D7A1AB1F58EBE7009FE44E /* IncomeViewController.swift */ = {isa = PBXFileReference; fileEncoding = 4; lastKnownFileType = sourcecode.swift; path = IncomeViewController.swift; sourceTree = "<group>"; };
		E5D7A1AD1F58EBFB009FE44E /* ExpendViewController.swift */ = {isa = PBXFileReference; fileEncoding = 4; lastKnownFileType = sourcecode.swift; path = ExpendViewController.swift; sourceTree = "<group>"; };
		E5D7A1AF1F58EF36009FE44E /* CashPageExtension.swift */ = {isa = PBXFileReference; fileEncoding = 4; lastKnownFileType = sourcecode.swift; path = CashPageExtension.swift; sourceTree = "<group>"; };
		E5DA70C31F4D106A00D43B73 /* CreateNewExtension.swift */ = {isa = PBXFileReference; fileEncoding = 4; lastKnownFileType = sourcecode.swift; path = CreateNewExtension.swift; sourceTree = "<group>"; };
		E5DA70C51F4EF60A00D43B73 /* Wealth.storyboard */ = {isa = PBXFileReference; fileEncoding = 4; lastKnownFileType = file.storyboard; path = Wealth.storyboard; sourceTree = "<group>"; };
		E5DA70C71F4EFB4100D43B73 /* TableViewController.swift */ = {isa = PBXFileReference; fileEncoding = 4; lastKnownFileType = sourcecode.swift; path = TableViewController.swift; sourceTree = "<group>"; };
		E5DA70C91F4EFC1600D43B73 /* Financial.storyboard */ = {isa = PBXFileReference; fileEncoding = 4; lastKnownFileType = file.storyboard; path = Financial.storyboard; sourceTree = "<group>"; };
/* End PBXFileReference section */

/* Begin PBXFrameworksBuildPhase section */
		E58447071F468AF9006F976E /* Frameworks */ = {
			isa = PBXFrameworksBuildPhase;
			buildActionMask = 2147483647;
			files = (
				D05C3A66817D2234242D0270 /* Pods_Ucount_IOS.framework in Frameworks */,
			);
			runOnlyForDeploymentPostprocessing = 0;
		};
		E584471B1F468AF9006F976E /* Frameworks */ = {
			isa = PBXFrameworksBuildPhase;
			buildActionMask = 2147483647;
			files = (
				CC4846F6FBD71902A55080E3 /* Pods_Ucount_IOSTests.framework in Frameworks */,
			);
			runOnlyForDeploymentPostprocessing = 0;
		};
		E58447261F468AF9006F976E /* Frameworks */ = {
			isa = PBXFrameworksBuildPhase;
			buildActionMask = 2147483647;
			files = (
				1DCF89A552040E6AAF41C60B /* Pods_Ucount_IOSUITests.framework in Frameworks */,
			);
			runOnlyForDeploymentPostprocessing = 0;
		};
/* End PBXFrameworksBuildPhase section */

/* Begin PBXGroup section */
		5B19306720003A8FE99148C6 /* Frameworks */ = {
			isa = PBXGroup;
			children = (
				D6A65C3800A0089744795A61 /* Pods_Ucount_IOS.framework */,
				4AC6B44C5DC4649065D7CA42 /* Pods_Ucount_IOSTests.framework */,
				1D5A417703A5EC0802A1C82D /* Pods_Ucount_IOSUITests.framework */,
			);
			name = Frameworks;
			sourceTree = "<group>";
		};
		718030091F4EE505005D39E4 /* Person */ = {
			isa = PBXGroup;
			children = (
				71802FD81F4EB71A005D39E4 /* PersonViewController.swift */,
				71802FD61F4EB6E4005D39E4 /* PersonNavigationController.swift */,
				71802FF81F4ED1DB005D39E4 /* Person.storyboard */,
				7194A2AB1F571F9500B2D827 /* modifyPassword1ViewController.swift */,
				71F7CEF11F579B490012DE98 /* forgetViewController.swift */,
				71F7CEF31F579F8A0012DE98 /* modifyPassword2ViewController.swift */,
				7152C9E51F57F43000D391A4 /* postViewController.swift */,
				71223DA91F5801D100BDDEAA /* messageViewController.swift */,
				7113090D1F58F99700B9D596 /* Message.swift */,
				7113090F1F58FB6200B9D596 /* messageDetailViewController.swift */,
			);
			path = Person;
			sourceTree = "<group>";
		};
		9E25B71060796BB389CAE09B /* Pods */ = {
			isa = PBXGroup;
			children = (
				D3466A1801B2D65B314FCFD4 /* Pods-Ucount_IOS.debug.xcconfig */,
				6931DB0EB119133441E94E37 /* Pods-Ucount_IOS.release.xcconfig */,
				C34FE42D6B8405B16123136E /* Pods-Ucount_IOSTests.debug.xcconfig */,
				54207CAA375462461F7DD38D /* Pods-Ucount_IOSTests.release.xcconfig */,
				0454428193C1CD8343DBB468 /* Pods-Ucount_IOSUITests.debug.xcconfig */,
				1D522B81E4A7D1C5E288842C /* Pods-Ucount_IOSUITests.release.xcconfig */,
			);
			name = Pods;
			sourceTree = "<group>";
		};
		E58447011F468AF9006F976E = {
			isa = PBXGroup;
			children = (
				E584470C1F468AF9006F976E /* Ucount_IOS */,
				E58447211F468AF9006F976E /* Ucount_IOSTests */,
				E584472C1F468AF9006F976E /* Ucount_IOSUITests */,
				E584470B1F468AF9006F976E /* Products */,
				9E25B71060796BB389CAE09B /* Pods */,
				5B19306720003A8FE99148C6 /* Frameworks */,
			);
			sourceTree = "<group>";
		};
		E584470B1F468AF9006F976E /* Products */ = {
			isa = PBXGroup;
			children = (
				E584470A1F468AF9006F976E /* Ucount_IOS.app */,
				E584471E1F468AF9006F976E /* Ucount_IOSTests.xctest */,
				E58447291F468AF9006F976E /* Ucount_IOSUITests.xctest */,
			);
			name = Products;
			sourceTree = "<group>";
		};
		E584470C1F468AF9006F976E /* Ucount_IOS */ = {
			isa = PBXGroup;
			children = (
				E58447111F468AF9006F976E /* Main.storyboard */,
				71802FDA1F4EB743005D39E4 /* ViewController.swift */,
				71802FD41F4EB691005D39E4 /* Common.swift */,
				E584470D1F468AF9006F976E /* AppDelegate.swift */,
				E58447141F468AF9006F976E /* Assets.xcassets */,
				E58447161F468AF9006F976E /* LaunchScreen.storyboard */,
				E58447191F468AF9006F976E /* Info.plist */,
				718030091F4EE505005D39E4 /* Person */,
				E58447731F487206006F976E /* login */,
				E58447581F46C39D006F976E /* Financial */,
				E584475D1F46C3E3006F976E /* Report */,
				E58447671F46C40D006F976E /* Wealth */,
				E584476C1F46C418006F976E /* Plan */,
			);
			path = Ucount_IOS;
			sourceTree = "<group>";
		};
		E58447211F468AF9006F976E /* Ucount_IOSTests */ = {
			isa = PBXGroup;
			children = (
				E58447221F468AF9006F976E /* Ucount_IOSTests.swift */,
				E58447241F468AF9006F976E /* Info.plist */,
			);
			path = Ucount_IOSTests;
			sourceTree = "<group>";
		};
		E584472C1F468AF9006F976E /* Ucount_IOSUITests */ = {
			isa = PBXGroup;
			children = (
				E584472D1F468AF9006F976E /* Ucount_IOSUITests.swift */,
				E584472F1F468AF9006F976E /* Info.plist */,
			);
			path = Ucount_IOSUITests;
			sourceTree = "<group>";
		};
		E58447581F46C39D006F976E /* Financial */ = {
			isa = PBXGroup;
			children = (
				71F57D361F59447F006C4A6D /* 1.pdf */,
				71F57D371F59447F006C4A6D /* 2.pdf */,
				71F57D381F59447F006C4A6D /* 3.pdf */,
				71F57D391F59447F006C4A6D /* 4.pdf */,
				71F57D3A1F59447F006C4A6D /* 5.pdf */,
				71F57D3B1F59447F006C4A6D /* 6.pdf */,
				E5DA70C91F4EFC1600D43B73 /* Financial.storyboard */,
				7173FBC61F490F0700EC01F5 /* FinancialViewController.swift */,
				710361541F510A71003B15E2 /* PopularViewController.swift */,
				710361561F510A80003B15E2 /* PushViewController.swift */,
				710361581F510A8E003B15E2 /* KnowledgeViewController.swift */,
				718B85131F55420400C972BE /* articleViewController.swift */,
				718B85171F556A2E00C972BE /* post.swift */,
				7152762C1F566B3900086254 /* talkViewController.swift */,
				710890D41F56CED4006181BC /* commentViewController.swift */,
				711309111F591EAD00B9D596 /* knowledgeDetailViewController.swift */,
				71F57D321F593FF2006C4A6D /* PDFView.swift */,
				71F57D341F594020006C4A6D /* PDFScrollView.swift */,
			);
			path = Financial;
			sourceTree = "<group>";
		};
		E584475D1F46C3E3006F976E /* Report */ = {
			isa = PBXGroup;
			children = (
				71802FEF1F4EC7B0005D39E4 /* Report.storyboard */,
				E51B15A51F56D9E300CB9CDE /* ReportViewController.swift */,
				E51B15A91F56ED8C00CB9CDE /* FirstReportViewController.swift */,
				E51B15AB1F56EDA400CB9CDE /* SecondReportViewController.swift */,
				E51B15AD1F56EDB400CB9CDE /* ThirdReportViewController.swift */,
				E51B15AF1F56F37C00CB9CDE /* PageViewExtension.swift */,
			);
			path = Report;
			sourceTree = "<group>";
		};
		E58447671F46C40D006F976E /* Wealth */ = {
			isa = PBXGroup;
			children = (
				E51B15A71F56E12200CB9CDE /* CreateNewController.swift */,
				E5DA70C71F4EFB4100D43B73 /* TableViewController.swift */,
				E5DA70C51F4EF60A00D43B73 /* Wealth.storyboard */,
				E58447711F481625006F976E /* WealthViewController.swift */,
				E584477C1F49F3DA006F976E /* allAcountableViewController.swift */,
				E5DA70C31F4D106A00D43B73 /* CreateNewExtension.swift */,
				E50535831F504E5A00CD8A2F /* itemizeViewController.swift */,
				E59AB5C31F5155B600FDA308 /* CashViewController.swift */,
				E511661E1F57EA0A00885634 /* bankCardViewController.swift */,
				E51166201F57EA1900885634 /* schoolCardViewController.swift */,
				E51166221F57EA2D00885634 /* aliPayViewController.swift */,
				E5D7A1AB1F58EBE7009FE44E /* IncomeViewController.swift */,
				E5D7A1AD1F58EBFB009FE44E /* ExpendViewController.swift */,
				E5D7A1AF1F58EF36009FE44E /* CashPageExtension.swift */,
			);
			path = Wealth;
			sourceTree = "<group>";
		};
		E584476C1F46C418006F976E /* Plan */ = {
			isa = PBXGroup;
			children = (
				71802FED1F4EC789005D39E4 /* Plan.storyboard */,
			);
			path = Plan;
			sourceTree = "<group>";
		};
		E58447731F487206006F976E /* login */ = {
			isa = PBXGroup;
			children = (
				71802FE61F4EC6C4005D39E4 /* Login.storyboard */,
				E58447781F487298006F976E /* RegisterViewController.swift */,
				E58447761F487272006F976E /* LoginViewController.swift */,
				E58447741F48724C006F976E /* ForgetViewController.swift */,
			);
			path = login;
			sourceTree = "<group>";
		};
/* End PBXGroup section */

/* Begin PBXNativeTarget section */
		E58447091F468AF9006F976E /* Ucount_IOS */ = {
			isa = PBXNativeTarget;
			buildConfigurationList = E58447321F468AF9006F976E /* Build configuration list for PBXNativeTarget "Ucount_IOS" */;
			buildPhases = (
				4E01F284218328DFAF12DFD4 /* [CP] Check Pods Manifest.lock */,
				E58447061F468AF9006F976E /* Sources */,
				E58447071F468AF9006F976E /* Frameworks */,
				E58447081F468AF9006F976E /* Resources */,
				D32B768B883D7E07C8216E78 /* [CP] Embed Pods Frameworks */,
				FEDFDE000C3786FF1946DEEF /* [CP] Copy Pods Resources */,
			);
			buildRules = (
			);
			dependencies = (
			);
			name = Ucount_IOS;
			productName = Ucount_IOS;
			productReference = E584470A1F468AF9006F976E /* Ucount_IOS.app */;
			productType = "com.apple.product-type.application";
		};
		E584471D1F468AF9006F976E /* Ucount_IOSTests */ = {
			isa = PBXNativeTarget;
			buildConfigurationList = E58447351F468AF9006F976E /* Build configuration list for PBXNativeTarget "Ucount_IOSTests" */;
			buildPhases = (
				6F921BF87CF6D77EF8B01A93 /* [CP] Check Pods Manifest.lock */,
				E584471A1F468AF9006F976E /* Sources */,
				E584471B1F468AF9006F976E /* Frameworks */,
				E584471C1F468AF9006F976E /* Resources */,
				F8104EDEAA914F67F4B2F619 /* [CP] Embed Pods Frameworks */,
				61C2A27554605543AF650E02 /* [CP] Copy Pods Resources */,
			);
			buildRules = (
			);
			dependencies = (
				E58447201F468AF9006F976E /* PBXTargetDependency */,
			);
			name = Ucount_IOSTests;
			productName = Ucount_IOSTests;
			productReference = E584471E1F468AF9006F976E /* Ucount_IOSTests.xctest */;
			productType = "com.apple.product-type.bundle.unit-test";
		};
		E58447281F468AF9006F976E /* Ucount_IOSUITests */ = {
			isa = PBXNativeTarget;
			buildConfigurationList = E58447381F468AF9006F976E /* Build configuration list for PBXNativeTarget "Ucount_IOSUITests" */;
			buildPhases = (
				560850F66CF796B63005397A /* [CP] Check Pods Manifest.lock */,
				E58447251F468AF9006F976E /* Sources */,
				E58447261F468AF9006F976E /* Frameworks */,
				E58447271F468AF9006F976E /* Resources */,
				0F90402C667681938835AFD3 /* [CP] Embed Pods Frameworks */,
				41B0F6ADEB5FE0F589CA3E23 /* [CP] Copy Pods Resources */,
			);
			buildRules = (
			);
			dependencies = (
				E584472B1F468AF9006F976E /* PBXTargetDependency */,
			);
			name = Ucount_IOSUITests;
			productName = Ucount_IOSUITests;
			productReference = E58447291F468AF9006F976E /* Ucount_IOSUITests.xctest */;
			productType = "com.apple.product-type.bundle.ui-testing";
		};
/* End PBXNativeTarget section */

/* Begin PBXProject section */
		E58447021F468AF9006F976E /* Project object */ = {
			isa = PBXProject;
			attributes = {
				LastSwiftUpdateCheck = 0830;
				LastUpgradeCheck = 0830;
				ORGANIZATIONNAME = "李一鹏";
				TargetAttributes = {
					E58447091F468AF9006F976E = {
						CreatedOnToolsVersion = 8.3.3;
						ProvisioningStyle = Automatic;
					};
					E584471D1F468AF9006F976E = {
						CreatedOnToolsVersion = 8.3.3;
						ProvisioningStyle = Automatic;
						TestTargetID = E58447091F468AF9006F976E;
					};
					E58447281F468AF9006F976E = {
						CreatedOnToolsVersion = 8.3.3;
						ProvisioningStyle = Automatic;
						TestTargetID = E58447091F468AF9006F976E;
					};
				};
			};
			buildConfigurationList = E58447051F468AF9006F976E /* Build configuration list for PBXProject "Ucount_IOS" */;
			compatibilityVersion = "Xcode 3.2";
			developmentRegion = English;
			hasScannedForEncodings = 0;
			knownRegions = (
				en,
				Base,
			);
			mainGroup = E58447011F468AF9006F976E;
			productRefGroup = E584470B1F468AF9006F976E /* Products */;
			projectDirPath = "";
			projectRoot = "";
			targets = (
				E58447091F468AF9006F976E /* Ucount_IOS */,
				E584471D1F468AF9006F976E /* Ucount_IOSTests */,
				E58447281F468AF9006F976E /* Ucount_IOSUITests */,
			);
		};
/* End PBXProject section */

/* Begin PBXResourcesBuildPhase section */
		E58447081F468AF9006F976E /* Resources */ = {
			isa = PBXResourcesBuildPhase;
			buildActionMask = 2147483647;
			files = (
				71F57D3E1F59447F006C4A6D /* 3.pdf in Resources */,
				71F57D3D1F59447F006C4A6D /* 2.pdf in Resources */,
				E58447181F468AF9006F976E /* LaunchScreen.storyboard in Resources */,
				71802FEE1F4EC789005D39E4 /* Plan.storyboard in Resources */,
				E58447151F468AF9006F976E /* Assets.xcassets in Resources */,
				E58447131F468AF9006F976E /* Main.storyboard in Resources */,
				71F57D411F59447F006C4A6D /* 6.pdf in Resources */,
				E5DA70CA1F4EFC1600D43B73 /* Financial.storyboard in Resources */,
				71802FE71F4EC6C4005D39E4 /* Login.storyboard in Resources */,
				71F57D401F59447F006C4A6D /* 5.pdf in Resources */,
				71F57D3C1F59447F006C4A6D /* 1.pdf in Resources */,
				71802FF01F4EC7B0005D39E4 /* Report.storyboard in Resources */,
				71802FF91F4ED1DB005D39E4 /* Person.storyboard in Resources */,
				71F57D3F1F59447F006C4A6D /* 4.pdf in Resources */,
				E5DA70C61F4EF60A00D43B73 /* Wealth.storyboard in Resources */,
			);
			runOnlyForDeploymentPostprocessing = 0;
		};
		E584471C1F468AF9006F976E /* Resources */ = {
			isa = PBXResourcesBuildPhase;
			buildActionMask = 2147483647;
			files = (
			);
			runOnlyForDeploymentPostprocessing = 0;
		};
		E58447271F468AF9006F976E /* Resources */ = {
			isa = PBXResourcesBuildPhase;
			buildActionMask = 2147483647;
			files = (
			);
			runOnlyForDeploymentPostprocessing = 0;
		};
/* End PBXResourcesBuildPhase section */

/* Begin PBXShellScriptBuildPhase section */
		0F90402C667681938835AFD3 /* [CP] Embed Pods Frameworks */ = {
			isa = PBXShellScriptBuildPhase;
			buildActionMask = 2147483647;
			files = (
			);
			inputPaths = (
			);
			name = "[CP] Embed Pods Frameworks";
			outputPaths = (
			);
			runOnlyForDeploymentPostprocessing = 0;
			shellPath = /bin/sh;
			shellScript = "\"${SRCROOT}/Pods/Target Support Files/Pods-Ucount_IOSUITests/Pods-Ucount_IOSUITests-frameworks.sh\"\n";
			showEnvVarsInLog = 0;
		};
		41B0F6ADEB5FE0F589CA3E23 /* [CP] Copy Pods Resources */ = {
			isa = PBXShellScriptBuildPhase;
			buildActionMask = 2147483647;
			files = (
			);
			inputPaths = (
			);
			name = "[CP] Copy Pods Resources";
			outputPaths = (
			);
			runOnlyForDeploymentPostprocessing = 0;
			shellPath = /bin/sh;
			shellScript = "\"${SRCROOT}/Pods/Target Support Files/Pods-Ucount_IOSUITests/Pods-Ucount_IOSUITests-resources.sh\"\n";
			showEnvVarsInLog = 0;
		};
		4E01F284218328DFAF12DFD4 /* [CP] Check Pods Manifest.lock */ = {
			isa = PBXShellScriptBuildPhase;
			buildActionMask = 2147483647;
			files = (
			);
			inputPaths = (
				"${PODS_PODFILE_DIR_PATH}/Podfile.lock",
				"${PODS_ROOT}/Manifest.lock",
			);
			name = "[CP] Check Pods Manifest.lock";
			outputPaths = (
				"$(DERIVED_FILE_DIR)/Pods-Ucount_IOS-checkManifestLockResult.txt",
			);
			runOnlyForDeploymentPostprocessing = 0;
			shellPath = /bin/sh;
			shellScript = "diff \"${PODS_PODFILE_DIR_PATH}/Podfile.lock\" \"${PODS_ROOT}/Manifest.lock\" > /dev/null\nif [ $? != 0 ] ; then\n    # print error to STDERR\n    echo \"error: The sandbox is not in sync with the Podfile.lock. Run 'pod install' or update your CocoaPods installation.\" >&2\n    exit 1\nfi\n# This output is used by Xcode 'outputs' to avoid re-running this script phase.\necho \"SUCCESS\" > \"${SCRIPT_OUTPUT_FILE_0}\"\n";
			showEnvVarsInLog = 0;
		};
		560850F66CF796B63005397A /* [CP] Check Pods Manifest.lock */ = {
			isa = PBXShellScriptBuildPhase;
			buildActionMask = 2147483647;
			files = (
			);
			inputPaths = (
				"${PODS_PODFILE_DIR_PATH}/Podfile.lock",
				"${PODS_ROOT}/Manifest.lock",
			);
			name = "[CP] Check Pods Manifest.lock";
			outputPaths = (
				"$(DERIVED_FILE_DIR)/Pods-Ucount_IOSUITests-checkManifestLockResult.txt",
			);
			runOnlyForDeploymentPostprocessing = 0;
			shellPath = /bin/sh;
			shellScript = "diff \"${PODS_PODFILE_DIR_PATH}/Podfile.lock\" \"${PODS_ROOT}/Manifest.lock\" > /dev/null\nif [ $? != 0 ] ; then\n    # print error to STDERR\n    echo \"error: The sandbox is not in sync with the Podfile.lock. Run 'pod install' or update your CocoaPods installation.\" >&2\n    exit 1\nfi\n# This output is used by Xcode 'outputs' to avoid re-running this script phase.\necho \"SUCCESS\" > \"${SCRIPT_OUTPUT_FILE_0}\"\n";
			showEnvVarsInLog = 0;
		};
		61C2A27554605543AF650E02 /* [CP] Copy Pods Resources */ = {
			isa = PBXShellScriptBuildPhase;
			buildActionMask = 2147483647;
			files = (
			);
			inputPaths = (
			);
			name = "[CP] Copy Pods Resources";
			outputPaths = (
			);
			runOnlyForDeploymentPostprocessing = 0;
			shellPath = /bin/sh;
			shellScript = "\"${SRCROOT}/Pods/Target Support Files/Pods-Ucount_IOSTests/Pods-Ucount_IOSTests-resources.sh\"\n";
			showEnvVarsInLog = 0;
		};
		6F921BF87CF6D77EF8B01A93 /* [CP] Check Pods Manifest.lock */ = {
			isa = PBXShellScriptBuildPhase;
			buildActionMask = 2147483647;
			files = (
			);
			inputPaths = (
				"${PODS_PODFILE_DIR_PATH}/Podfile.lock",
				"${PODS_ROOT}/Manifest.lock",
			);
			name = "[CP] Check Pods Manifest.lock";
			outputPaths = (
				"$(DERIVED_FILE_DIR)/Pods-Ucount_IOSTests-checkManifestLockResult.txt",
			);
			runOnlyForDeploymentPostprocessing = 0;
			shellPath = /bin/sh;
			shellScript = "diff \"${PODS_PODFILE_DIR_PATH}/Podfile.lock\" \"${PODS_ROOT}/Manifest.lock\" > /dev/null\nif [ $? != 0 ] ; then\n    # print error to STDERR\n    echo \"error: The sandbox is not in sync with the Podfile.lock. Run 'pod install' or update your CocoaPods installation.\" >&2\n    exit 1\nfi\n# This output is used by Xcode 'outputs' to avoid re-running this script phase.\necho \"SUCCESS\" > \"${SCRIPT_OUTPUT_FILE_0}\"\n";
			showEnvVarsInLog = 0;
		};
		D32B768B883D7E07C8216E78 /* [CP] Embed Pods Frameworks */ = {
			isa = PBXShellScriptBuildPhase;
			buildActionMask = 2147483647;
			files = (
			);
			inputPaths = (
			);
			name = "[CP] Embed Pods Frameworks";
			outputPaths = (
			);
			runOnlyForDeploymentPostprocessing = 0;
			shellPath = /bin/sh;
			shellScript = "\"${SRCROOT}/Pods/Target Support Files/Pods-Ucount_IOS/Pods-Ucount_IOS-frameworks.sh\"\n";
			showEnvVarsInLog = 0;
		};
		F8104EDEAA914F67F4B2F619 /* [CP] Embed Pods Frameworks */ = {
			isa = PBXShellScriptBuildPhase;
			buildActionMask = 2147483647;
			files = (
			);
			inputPaths = (
				"${SRCROOT}/Pods/Target Support Files/Pods-Ucount_IOSTests/Pods-Ucount_IOSTests-frameworks.sh",
				"${BUILT_PRODUCTS_DIR}/Alamofire/Alamofire.framework",
			);
			name = "[CP] Embed Pods Frameworks";
			outputPaths = (
				"${TARGET_BUILD_DIR}/${FRAMEWORKS_FOLDER_PATH}/Alamofire.framework",
			);
			runOnlyForDeploymentPostprocessing = 0;
			shellPath = /bin/sh;
			shellScript = "\"${SRCROOT}/Pods/Target Support Files/Pods-Ucount_IOSTests/Pods-Ucount_IOSTests-frameworks.sh\"\n";
			showEnvVarsInLog = 0;
		};
		FEDFDE000C3786FF1946DEEF /* [CP] Copy Pods Resources */ = {
			isa = PBXShellScriptBuildPhase;
			buildActionMask = 2147483647;
			files = (
			);
			inputPaths = (
			);
			name = "[CP] Copy Pods Resources";
			outputPaths = (
			);
			runOnlyForDeploymentPostprocessing = 0;
			shellPath = /bin/sh;
			shellScript = "\"${SRCROOT}/Pods/Target Support Files/Pods-Ucount_IOS/Pods-Ucount_IOS-resources.sh\"\n";
			showEnvVarsInLog = 0;
		};
/* End PBXShellScriptBuildPhase section */

/* Begin PBXSourcesBuildPhase section */
		E58447061F468AF9006F976E /* Sources */ = {
			isa = PBXSourcesBuildPhase;
			buildActionMask = 2147483647;
			files = (
				E51B15AE1F56EDB400CB9CDE /* ThirdReportViewController.swift in Sources */,
				711309121F591EAD00B9D596 /* knowledgeDetailViewController.swift in Sources */,
				71F57D331F593FF2006C4A6D /* PDFView.swift in Sources */,
				E51166211F57EA1900885634 /* schoolCardViewController.swift in Sources */,
				E58447771F487272006F976E /* LoginViewController.swift in Sources */,
				E5D7A1AC1F58EBE7009FE44E /* IncomeViewController.swift in Sources */,
				E51B15AA1F56ED8C00CB9CDE /* FirstReportViewController.swift in Sources */,
				E5DA70C81F4EFB4100D43B73 /* TableViewController.swift in Sources */,
				710890D51F56CED4006181BC /* commentViewController.swift in Sources */,
				710361571F510A80003B15E2 /* PushViewController.swift in Sources */,
				E59AB5C41F5155B600FDA308 /* CashViewController.swift in Sources */,
				E584477D1F49F3DA006F976E /* allAcountableViewController.swift in Sources */,
				E51B15A81F56E12200CB9CDE /* CreateNewController.swift in Sources */,
				E58447791F487298006F976E /* RegisterViewController.swift in Sources */,
				7173FBC71F490F0700EC01F5 /* FinancialViewController.swift in Sources */,
				E51B15A61F56D9E300CB9CDE /* ReportViewController.swift in Sources */,
				711309101F58FB6200B9D596 /* messageDetailViewController.swift in Sources */,
				E511661F1F57EA0A00885634 /* bankCardViewController.swift in Sources */,
				E5D7A1B01F58EF36009FE44E /* CashPageExtension.swift in Sources */,
				E5DA70C41F4D106A00D43B73 /* CreateNewExtension.swift in Sources */,
				71F7CEF21F579B490012DE98 /* forgetViewController.swift in Sources */,
				710361551F510A71003B15E2 /* PopularViewController.swift in Sources */,
				71802FD71F4EB6E4005D39E4 /* PersonNavigationController.swift in Sources */,
				71802FD91F4EB71A005D39E4 /* PersonViewController.swift in Sources */,
				71802FDB1F4EB743005D39E4 /* ViewController.swift in Sources */,
				718B85141F55420400C972BE /* articleViewController.swift in Sources */,
				E58447721F481625006F976E /* WealthViewController.swift in Sources */,
				71223DAA1F5801D100BDDEAA /* messageViewController.swift in Sources */,
				E50535841F504E5A00CD8A2F /* itemizeViewController.swift in Sources */,
				7194A2AC1F571F9500B2D827 /* modifyPassword1ViewController.swift in Sources */,
				E51166231F57EA2D00885634 /* aliPayViewController.swift in Sources */,
				718B85181F556A2E00C972BE /* post.swift in Sources */,
				710361591F510A8E003B15E2 /* KnowledgeViewController.swift in Sources */,
				E5D7A1AE1F58EBFB009FE44E /* ExpendViewController.swift in Sources */,
				71F57D351F594020006C4A6D /* PDFScrollView.swift in Sources */,
				7113090E1F58F99700B9D596 /* Message.swift in Sources */,
				7152C9E61F57F43000D391A4 /* postViewController.swift in Sources */,
				E584470E1F468AF9006F976E /* AppDelegate.swift in Sources */,
				71F7CEF41F579F8A0012DE98 /* modifyPassword2ViewController.swift in Sources */,
				E51B15B01F56F37C00CB9CDE /* PageViewExtension.swift in Sources */,
				71802FD51F4EB691005D39E4 /* Common.swift in Sources */,
				7152762D1F566B3900086254 /* talkViewController.swift in Sources */,
				E51B15AC1F56EDA400CB9CDE /* SecondReportViewController.swift in Sources */,
				E58447751F48724C006F976E /* ForgetViewController.swift in Sources */,
			);
			runOnlyForDeploymentPostprocessing = 0;
		};
		E584471A1F468AF9006F976E /* Sources */ = {
			isa = PBXSourcesBuildPhase;
			buildActionMask = 2147483647;
			files = (
				E58447231F468AF9006F976E /* Ucount_IOSTests.swift in Sources */,
			);
			runOnlyForDeploymentPostprocessing = 0;
		};
		E58447251F468AF9006F976E /* Sources */ = {
			isa = PBXSourcesBuildPhase;
			buildActionMask = 2147483647;
			files = (
				E584472E1F468AF9006F976E /* Ucount_IOSUITests.swift in Sources */,
			);
			runOnlyForDeploymentPostprocessing = 0;
		};
/* End PBXSourcesBuildPhase section */

/* Begin PBXTargetDependency section */
		E58447201F468AF9006F976E /* PBXTargetDependency */ = {
			isa = PBXTargetDependency;
			target = E58447091F468AF9006F976E /* Ucount_IOS */;
			targetProxy = E584471F1F468AF9006F976E /* PBXContainerItemProxy */;
		};
		E584472B1F468AF9006F976E /* PBXTargetDependency */ = {
			isa = PBXTargetDependency;
			target = E58447091F468AF9006F976E /* Ucount_IOS */;
			targetProxy = E584472A1F468AF9006F976E /* PBXContainerItemProxy */;
		};
/* End PBXTargetDependency section */

/* Begin PBXVariantGroup section */
		E58447111F468AF9006F976E /* Main.storyboard */ = {
			isa = PBXVariantGroup;
			children = (
				E58447121F468AF9006F976E /* Base */,
			);
			name = Main.storyboard;
			sourceTree = "<group>";
		};
		E58447161F468AF9006F976E /* LaunchScreen.storyboard */ = {
			isa = PBXVariantGroup;
			children = (
				E58447171F468AF9006F976E /* Base */,
			);
			name = LaunchScreen.storyboard;
			sourceTree = "<group>";
		};
/* End PBXVariantGroup section */

/* Begin XCBuildConfiguration section */
		E58447301F468AF9006F976E /* Debug */ = {
			isa = XCBuildConfiguration;
			buildSettings = {
				ALWAYS_SEARCH_USER_PATHS = NO;
				CLANG_ANALYZER_NONNULL = YES;
				CLANG_ANALYZER_NUMBER_OBJECT_CONVERSION = YES_AGGRESSIVE;
				CLANG_CXX_LANGUAGE_STANDARD = "gnu++0x";
				CLANG_CXX_LIBRARY = "libc++";
				CLANG_ENABLE_MODULES = YES;
				CLANG_ENABLE_OBJC_ARC = YES;
				CLANG_WARN_BOOL_CONVERSION = YES;
				CLANG_WARN_CONSTANT_CONVERSION = YES;
				CLANG_WARN_DIRECT_OBJC_ISA_USAGE = YES_ERROR;
				CLANG_WARN_DOCUMENTATION_COMMENTS = YES;
				CLANG_WARN_EMPTY_BODY = YES;
				CLANG_WARN_ENUM_CONVERSION = YES;
				CLANG_WARN_INFINITE_RECURSION = YES;
				CLANG_WARN_INT_CONVERSION = YES;
				CLANG_WARN_OBJC_ROOT_CLASS = YES_ERROR;
				CLANG_WARN_SUSPICIOUS_MOVE = YES;
				CLANG_WARN_UNREACHABLE_CODE = YES;
				CLANG_WARN__DUPLICATE_METHOD_MATCH = YES;
				"CODE_SIGN_IDENTITY[sdk=iphoneos*]" = "iPhone Developer";
				COPY_PHASE_STRIP = NO;
				DEBUG_INFORMATION_FORMAT = dwarf;
				ENABLE_STRICT_OBJC_MSGSEND = YES;
				ENABLE_TESTABILITY = YES;
				GCC_C_LANGUAGE_STANDARD = gnu99;
				GCC_DYNAMIC_NO_PIC = NO;
				GCC_NO_COMMON_BLOCKS = YES;
				GCC_OPTIMIZATION_LEVEL = 0;
				GCC_PREPROCESSOR_DEFINITIONS = (
					"DEBUG=1",
					"$(inherited)",
				);
				GCC_WARN_64_TO_32_BIT_CONVERSION = YES;
				GCC_WARN_ABOUT_RETURN_TYPE = YES_ERROR;
				GCC_WARN_UNDECLARED_SELECTOR = YES;
				GCC_WARN_UNINITIALIZED_AUTOS = YES_AGGRESSIVE;
				GCC_WARN_UNUSED_FUNCTION = YES;
				GCC_WARN_UNUSED_VARIABLE = YES;
				IPHONEOS_DEPLOYMENT_TARGET = 10.3;
				MTL_ENABLE_DEBUG_INFO = YES;
				ONLY_ACTIVE_ARCH = YES;
				SDKROOT = iphoneos;
				SWIFT_ACTIVE_COMPILATION_CONDITIONS = DEBUG;
				SWIFT_OPTIMIZATION_LEVEL = "-Onone";
			};
			name = Debug;
		};
		E58447311F468AF9006F976E /* Release */ = {
			isa = XCBuildConfiguration;
			buildSettings = {
				ALWAYS_SEARCH_USER_PATHS = NO;
				CLANG_ANALYZER_NONNULL = YES;
				CLANG_ANALYZER_NUMBER_OBJECT_CONVERSION = YES_AGGRESSIVE;
				CLANG_CXX_LANGUAGE_STANDARD = "gnu++0x";
				CLANG_CXX_LIBRARY = "libc++";
				CLANG_ENABLE_MODULES = YES;
				CLANG_ENABLE_OBJC_ARC = YES;
				CLANG_WARN_BOOL_CONVERSION = YES;
				CLANG_WARN_CONSTANT_CONVERSION = YES;
				CLANG_WARN_DIRECT_OBJC_ISA_USAGE = YES_ERROR;
				CLANG_WARN_DOCUMENTATION_COMMENTS = YES;
				CLANG_WARN_EMPTY_BODY = YES;
				CLANG_WARN_ENUM_CONVERSION = YES;
				CLANG_WARN_INFINITE_RECURSION = YES;
				CLANG_WARN_INT_CONVERSION = YES;
				CLANG_WARN_OBJC_ROOT_CLASS = YES_ERROR;
				CLANG_WARN_SUSPICIOUS_MOVE = YES;
				CLANG_WARN_UNREACHABLE_CODE = YES;
				CLANG_WARN__DUPLICATE_METHOD_MATCH = YES;
				"CODE_SIGN_IDENTITY[sdk=iphoneos*]" = "iPhone Developer";
				COPY_PHASE_STRIP = NO;
				DEBUG_INFORMATION_FORMAT = "dwarf-with-dsym";
				ENABLE_NS_ASSERTIONS = NO;
				ENABLE_STRICT_OBJC_MSGSEND = YES;
				GCC_C_LANGUAGE_STANDARD = gnu99;
				GCC_NO_COMMON_BLOCKS = YES;
				GCC_WARN_64_TO_32_BIT_CONVERSION = YES;
				GCC_WARN_ABOUT_RETURN_TYPE = YES_ERROR;
				GCC_WARN_UNDECLARED_SELECTOR = YES;
				GCC_WARN_UNINITIALIZED_AUTOS = YES_AGGRESSIVE;
				GCC_WARN_UNUSED_FUNCTION = YES;
				GCC_WARN_UNUSED_VARIABLE = YES;
				IPHONEOS_DEPLOYMENT_TARGET = 10.3;
				MTL_ENABLE_DEBUG_INFO = NO;
				SDKROOT = iphoneos;
				SWIFT_OPTIMIZATION_LEVEL = "-Owholemodule";
				VALIDATE_PRODUCT = YES;
			};
			name = Release;
		};
		E58447331F468AF9006F976E /* Debug */ = {
			isa = XCBuildConfiguration;
			baseConfigurationReference = D3466A1801B2D65B314FCFD4 /* Pods-Ucount_IOS.debug.xcconfig */;
			buildSettings = {
				ASSETCATALOG_COMPILER_APPICON_NAME = AppIcon;
				INFOPLIST_FILE = Ucount_IOS/Info.plist;
				LD_RUNPATH_SEARCH_PATHS = "$(inherited) @executable_path/Frameworks";
				PRODUCT_BUNDLE_IDENTIFIER = "team.wonderland.ucount.Ucount-IOS";
				PRODUCT_NAME = "$(TARGET_NAME)";
				SWIFT_VERSION = 3.0;
				TARGETED_DEVICE_FAMILY = 1;
			};
			name = Debug;
		};
		E58447341F468AF9006F976E /* Release */ = {
			isa = XCBuildConfiguration;
			baseConfigurationReference = 6931DB0EB119133441E94E37 /* Pods-Ucount_IOS.release.xcconfig */;
			buildSettings = {
				ASSETCATALOG_COMPILER_APPICON_NAME = AppIcon;
				INFOPLIST_FILE = Ucount_IOS/Info.plist;
				LD_RUNPATH_SEARCH_PATHS = "$(inherited) @executable_path/Frameworks";
				PRODUCT_BUNDLE_IDENTIFIER = "team.wonderland.ucount.Ucount-IOS";
				PRODUCT_NAME = "$(TARGET_NAME)";
				SWIFT_VERSION = 3.0;
				TARGETED_DEVICE_FAMILY = 1;
			};
			name = Release;
		};
		E58447361F468AF9006F976E /* Debug */ = {
			isa = XCBuildConfiguration;
			baseConfigurationReference = C34FE42D6B8405B16123136E /* Pods-Ucount_IOSTests.debug.xcconfig */;
			buildSettings = {
				ALWAYS_EMBED_SWIFT_STANDARD_LIBRARIES = YES;
				BUNDLE_LOADER = "$(TEST_HOST)";
				INFOPLIST_FILE = Ucount_IOSTests/Info.plist;
				LD_RUNPATH_SEARCH_PATHS = "$(inherited) @executable_path/Frameworks @loader_path/Frameworks";
				PRODUCT_BUNDLE_IDENTIFIER = "team.wonderland.ucount.Ucount-IOSTests";
				PRODUCT_NAME = "$(TARGET_NAME)";
				SWIFT_VERSION = 3.0;
				TEST_HOST = "$(BUILT_PRODUCTS_DIR)/Ucount_IOS.app/Ucount_IOS";
			};
			name = Debug;
		};
		E58447371F468AF9006F976E /* Release */ = {
			isa = XCBuildConfiguration;
			baseConfigurationReference = 54207CAA375462461F7DD38D /* Pods-Ucount_IOSTests.release.xcconfig */;
			buildSettings = {
				ALWAYS_EMBED_SWIFT_STANDARD_LIBRARIES = YES;
				BUNDLE_LOADER = "$(TEST_HOST)";
				INFOPLIST_FILE = Ucount_IOSTests/Info.plist;
				LD_RUNPATH_SEARCH_PATHS = "$(inherited) @executable_path/Frameworks @loader_path/Frameworks";
				PRODUCT_BUNDLE_IDENTIFIER = "team.wonderland.ucount.Ucount-IOSTests";
				PRODUCT_NAME = "$(TARGET_NAME)";
				SWIFT_VERSION = 3.0;
				TEST_HOST = "$(BUILT_PRODUCTS_DIR)/Ucount_IOS.app/Ucount_IOS";
			};
			name = Release;
		};
		E58447391F468AF9006F976E /* Debug */ = {
			isa = XCBuildConfiguration;
			baseConfigurationReference = 0454428193C1CD8343DBB468 /* Pods-Ucount_IOSUITests.debug.xcconfig */;
			buildSettings = {
				ALWAYS_EMBED_SWIFT_STANDARD_LIBRARIES = YES;
				INFOPLIST_FILE = Ucount_IOSUITests/Info.plist;
				LD_RUNPATH_SEARCH_PATHS = "$(inherited) @executable_path/Frameworks @loader_path/Frameworks";
				PRODUCT_BUNDLE_IDENTIFIER = "team.wonderland.ucount.Ucount-IOSUITests";
				PRODUCT_NAME = "$(TARGET_NAME)";
				SWIFT_VERSION = 3.0;
				TEST_TARGET_NAME = Ucount_IOS;
			};
			name = Debug;
		};
		E584473A1F468AF9006F976E /* Release */ = {
			isa = XCBuildConfiguration;
			baseConfigurationReference = 1D522B81E4A7D1C5E288842C /* Pods-Ucount_IOSUITests.release.xcconfig */;
			buildSettings = {
				ALWAYS_EMBED_SWIFT_STANDARD_LIBRARIES = YES;
				INFOPLIST_FILE = Ucount_IOSUITests/Info.plist;
				LD_RUNPATH_SEARCH_PATHS = "$(inherited) @executable_path/Frameworks @loader_path/Frameworks";
				PRODUCT_BUNDLE_IDENTIFIER = "team.wonderland.ucount.Ucount-IOSUITests";
				PRODUCT_NAME = "$(TARGET_NAME)";
				SWIFT_VERSION = 3.0;
				TEST_TARGET_NAME = Ucount_IOS;
			};
			name = Release;
		};
/* End XCBuildConfiguration section */

/* Begin XCConfigurationList section */
		E58447051F468AF9006F976E /* Build configuration list for PBXProject "Ucount_IOS" */ = {
			isa = XCConfigurationList;
			buildConfigurations = (
				E58447301F468AF9006F976E /* Debug */,
				E58447311F468AF9006F976E /* Release */,
			);
			defaultConfigurationIsVisible = 0;
			defaultConfigurationName = Release;
		};
		E58447321F468AF9006F976E /* Build configuration list for PBXNativeTarget "Ucount_IOS" */ = {
			isa = XCConfigurationList;
			buildConfigurations = (
				E58447331F468AF9006F976E /* Debug */,
				E58447341F468AF9006F976E /* Release */,
			);
			defaultConfigurationIsVisible = 0;
			defaultConfigurationName = Release;
		};
		E58447351F468AF9006F976E /* Build configuration list for PBXNativeTarget "Ucount_IOSTests" */ = {
			isa = XCConfigurationList;
			buildConfigurations = (
				E58447361F468AF9006F976E /* Debug */,
				E58447371F468AF9006F976E /* Release */,
			);
			defaultConfigurationIsVisible = 0;
			defaultConfigurationName = Release;
		};
		E58447381F468AF9006F976E /* Build configuration list for PBXNativeTarget "Ucount_IOSUITests" */ = {
			isa = XCConfigurationList;
			buildConfigurations = (
				E58447391F468AF9006F976E /* Debug */,
				E584473A1F468AF9006F976E /* Release */,
			);
			defaultConfigurationIsVisible = 0;
			defaultConfigurationName = Release;
		};
/* End XCConfigurationList section */
	};
	rootObject = E58447021F468AF9006F976E /* Project object */;
}
